
Microsoft Visual Studio Solution File, Format Version 12.00
# Visual Studio Version 17
VisualStudioVersion = 17.14.37111.16 d17.14
MinimumVisualStudioVersion = 10.0.40219.1
Project("{8BC9CEB8-8B4A-11D0-8D11-00A0C91BC942}") = "AiteNaraDousuru", "AiteNaraDousuru\AiteNaraDousuru.vcxproj", "{13038CFC-904B-425F-8E2B-1BA99D9E1B74}"
EndProject
Global
	GlobalSection(SolutionConfigurationPlatforms) = preSolution
		Debug|x64 = Debug|x64
		Release|x64 = Release|x64
	EndGlobalSection
	GlobalSection(ProjectConfigurationPlatforms) = postSolution
		{13038CFC-904B-425F-8E2B-1BA99D9E1B74}.Debug|x64.ActiveCfg = Debug|x64
		{13038CFC-904B-425F-8E2B-1BA99D9E1B74}.Debug|x64.Build.0 = Debug|x64
		{13038CFC-904B-425F-8E2B-1BA99D9E1B74}.Release|x64.ActiveCfg = Release|x64
		{13038CFC-904B-425F-8E2B-1BA99D9E1B74}.Release|x64.Build.0 = Release|x64
	EndGlobalSection
	GlobalSection(SolutionProperties) = preSolution
		HideSolutionNode = FALSE
	EndGlobalSection
	GlobalSection(ExtensibilityGlobals) = postSolution
		SolutionGuid = {6AB2EF83-5BB5-4975-8163-817DE97C54DD}
	EndGlobalSection
EndGlobal
